
Microsoft Visual Studio Solution File, Format Version 12.00
# Visual Studio 15
VisualStudioVersion = 15.0.27428.2037
MinimumVisualStudioVersion = 10.0.40219.1
Project("{9A19103F-16F7-4668-BE54-9A1E7A4F7556}") = "GreenSocks", "GreenSocks.csproj", "{E1D9599A-6232-405F-86FF-CFFCA8FC0B2A}"
EndProject
Global
	GlobalSection(SolutionConfigurationPlatforms) = preSolution
		Debug|Any CPU = Debug|Any CPU
		Release|Any CPU = Release|Any CPU
	EndGlobalSection
	GlobalSection(ProjectConfigurationPlatforms) = postSolution
		{E1D9599A-6232-405F-86FF-CFFCA8FC0B2A}.Debug|Any CPU.ActiveCfg = Debug|Any CPU
		{E1D9599A-6232-405F-86FF-CFFCA8FC0B2A}.Debug|Any CPU.Build.0 = Debug|Any CPU
		{E1D9599A-6232-405F-86FF-CFFCA8FC0B2A}.Release|Any CPU.ActiveCfg = Release|Any CPU
		{E1D9599A-6232-405F-86FF-CFFCA8FC0B2A}.Release|Any CPU.Build.0 = Release|Any CPU
	EndGlobalSection
	GlobalSection(SolutionProperties) = preSolution
		HideSolutionNode = FALSE
	EndGlobalSection
	GlobalSection(ExtensibilityGlobals) = postSolution
		SolutionGuid = {0F87C0C5-5FE3-4690-9A60-4BBBDB2047FE}
	EndGlobalSection
EndGlobal
